
Microsoft Visual Studio Solution File, Format Version 12.00
# Visual Studio Version 16
VisualStudioVersion = 16.0.29920.165
MinimumVisualStudioVersion = 10.0.40219.1
Project("{FAE04EC0-301F-11D3-BF4B-00C04F79EFBC}") = "SFB", "SFB\SFB.csproj", "{AF5B157F-9654-4CF8-8982-03E88BF3ED75}"
EndProject
Global
	GlobalSection(SolutionConfigurationPlatforms) = preSolution
		Debug|Any CPU = Debug|Any CPU
		Release|Any CPU = Release|Any CPU
	EndGlobalSection
	GlobalSection(ProjectConfigurationPlatforms) = postSolution
		{AF5B157F-9654-4CF8-8982-03E88BF3ED75}.Debug|Any CPU.ActiveCfg = Debug|Any CPU
		{AF5B157F-9654-4CF8-8982-03E88BF3ED75}.Debug|Any CPU.Build.0 = Debug|Any CPU
		{AF5B157F-9654-4CF8-8982-03E88BF3ED75}.Release|Any CPU.ActiveCfg = Release|Any CPU
		{AF5B157F-9654-4CF8-8982-03E88BF3ED75}.Release|Any CPU.Build.0 = Release|Any CPU
	EndGlobalSection
	GlobalSection(SolutionProperties) = preSolution
		HideSolutionNode = FALSE
	EndGlobalSection
	GlobalSection(ExtensibilityGlobals) = postSolution
		SolutionGuid = {2B320E91-1A8E-452B-BCB2-755E50E2205B}
	EndGlobalSection
EndGlobal
